// !$*UTF8*$!
{
	archiveVersion = 1;
	classes = {
	};
	objectVersion = 56;
	objects = {

/* Begin PBXBuildFile section */
		AIInterviewAppApp /* AIInterviewApp.swift in Sources */ = {isa = PBXBuildFile; };
		ContentView /* ContentView.swift in Sources */ = {isa = PBXBuildFile; };
		Constants /* Constants.swift in Sources */ = {isa = PBXBuildFile; };
		Extensions /* Extensions.swift in Sources */ = {isa = PBXBuildFile; };
		Position /* Position.swift in Sources */ = {isa = PBXBuildFile; };
		User /* User.swift in Sources */ = {isa = PBXBuildFile; };
		InterviewSession /* InterviewSession.swift in Sources */ = {isa = PBXBuildFile; };
		InterviewReport /* InterviewReport.swift in Sources */ = {isa = PBXBuildFile; };
		InterviewerStyle /* InterviewerStyle.swift in Sources */ = {isa = PBXBuildFile; };
		APIService /* APIService.swift in Sources */ = {isa = PBXBuildFile; };
		AudioService /* AudioService.swift in Sources */ = {isa = PBXBuildFile; };
		AuthService /* AuthService.swift in Sources */ = {isa = PBXBuildFile; };
		StorageService /* StorageService.swift in Sources */ = {isa = PBXBuildFile; };
		IndexViewModel /* IndexViewModel.swift in Sources */ = {isa = PBXBuildFile; };
		PrepareViewModel /* PrepareViewModel.swift in Sources */ = {isa = PBXBuildFile; };
		InterviewViewModel /* InterviewViewModel.swift in Sources */ = {isa = PBXBuildFile; };
		ReportViewModel /* ReportViewModel.swift in Sources */ = {isa = PBXBuildFile; };
		ProfileViewModel /* ProfileViewModel.swift in Sources */ = {isa = PBXBuildFile; };
		HistoryViewModel /* HistoryViewModel.swift in Sources */ = {isa = PBXBuildFile; };
		VIPViewModel /* VIPViewModel.swift in Sources */ = {isa = PBXBuildFile; };
		IndexView /* IndexView.swift in Sources */ = {isa = PBXBuildFile; };
		PrepareView /* PrepareView.swift in Sources */ = {isa = PBXBuildFile; };
		InterviewView /* InterviewView.swift in Sources */ = {isa = PBXBuildFile; };
		RecordingButton /* RecordingButton.swift in Sources */ = {isa = PBXBuildFile; };
		ReportView /* ReportView.swift in Sources */ = {isa = PBXBuildFile; };
		ScoreRadarChart /* ScoreRadarChart.swift in Sources */ = {isa = PBXBuildFile; };
		ProfileView /* ProfileView.swift in Sources */ = {isa = PBXBuildFile; };
		HistoryView /* HistoryView.swift in Sources */ = {isa = PBXBuildFile; };
		HistoryListItem /* HistoryListItem.swift in Sources */ = {isa = PBXBuildFile; };
		VIPView /* VIPView.swift in Sources */ = {isa = PBXBuildFile; };
		LoadingView /* LoadingView.swift in Sources */ = {isa = PBXBuildFile; };
/* End PBXBuildFile section */

/* Begin PBXFileReference section */
		AIInterviewApp.app /* AIInterviewApp.app */ = {isa = PBXFileReference; explicitFileType = wrapper.application; includeInIndex = 0; path = AIInterviewApp.app; sourceTree = BUILT_PRODUCTS_DIR; };
		AIInterviewApp.swift /* AIInterviewApp/App/AIInterviewApp.swift */ = {isa = PBXFileReference; lastKnownFileType = sourcecode.swift; path = AIInterviewApp.swift; sourceTree = "<group>"; };
		ContentView.swift /* AIInterviewApp/App/ContentView.swift */ = {isa = PBXFileReference; lastKnownFileType = sourcecode.swift; path = ContentView.swift; sourceTree = "<group>"; };
		Constants.swift /* AIInterviewApp/Utils/Constants.swift */ = {isa = PBXFileReference; lastKnownFileType = sourcecode.swift; path = Constants.swift; sourceTree = "<group>"; };
		Extensions.swift /* AIInterviewApp/Utils/Extensions.swift */ = {isa = PBXFileReference; lastKnownFileType = sourcecode.swift; path = Extensions.swift; sourceTree = "<group>"; };
		Position.swift /* AIInterviewApp/Models/Position.swift */ = {isa = PBXFileReference; lastKnownFileType = sourcecode.swift; path = Position.swift; sourceTree = "<group>"; };
		User.swift /* AIInterviewApp/Models/User.swift */ = {isa = PBXFileReference; lastKnownFileType = sourcecode.swift; path = User.swift; sourceTree = "<group>"; };
		InterviewSession.swift /* AIInterviewApp/Models/InterviewSession.swift */ = {isa = PBXFileReference; lastKnownFileType = sourcecode.swift; path = InterviewSession.swift; sourceTree = "<group>"; };
		InterviewReport.swift /* AIInterviewApp/Models/InterviewReport.swift */ = {isa = PBXFileReference; lastKnownFileType = sourcecode.swift; path = InterviewReport.swift; sourceTree = "<group>"; };
		InterviewerStyle.swift /* AIInterviewApp/Models/InterviewerStyle.swift */ = {isa = PBXFileReference; lastKnownFileType = sourcecode.swift; path = InterviewerStyle.swift; sourceTree = "<group>"; };
		APIService.swift /* AIInterviewApp/Services/APIService.swift */ = {isa = PBXFileReference; lastKnownFileType = sourcecode.swift; path = APIService.swift; sourceTree = "<group>"; };
		AudioService.swift /* AIInterviewApp/Services/AudioService.swift */ = {isa = PBXFileReference; lastKnownFileType = sourcecode.swift; path = AudioService.swift; sourceTree = "<group>"; };
		AuthService.swift /* AIInterviewApp/Services/AuthService.swift */ = {isa = PBXFileReference; lastKnownFileType = sourcecode.swift; path = AuthService.swift; sourceTree = "<group>"; };
		StorageService.swift /* AIInterviewApp/Services/StorageService.swift */ = {isa = PBXFileReference; lastKnownFileType = sourcecode.swift; path = StorageService.swift; sourceTree = "<group>"; };
		IndexViewModel.swift /* AIInterviewApp/ViewModels/IndexViewModel.swift */ = {isa = PBXFileReference; lastKnownFileType = sourcecode.swift; path = IndexViewModel.swift; sourceTree = "<group>"; };
		PrepareViewModel.swift /* AIInterviewApp/ViewModels/PrepareViewModel.swift */ = {isa = PBXFileReference; lastKnownFileType = sourcecode.swift; path = PrepareViewModel.swift; sourceTree = "<group>"; };
		InterviewViewModel.swift /* AIInterviewApp/ViewModels/InterviewViewModel.swift */ = {isa = PBXFileReference; lastKnownFileType = sourcecode.swift; path = InterviewViewModel.swift; sourceTree = "<group>"; };
		ReportViewModel.swift /* AIInterviewApp/ViewModels/ReportViewModel.swift */ = {isa = PBXFileReference; lastKnownFileType = sourcecode.swift; path = ReportViewModel.swift; sourceTree = "<group>"; };
		ProfileViewModel.swift /* AIInterviewApp/ViewModels/ProfileViewModel.swift */ = {isa = PBXFileReference; lastKnownFileType = sourcecode.swift; path = ProfileViewModel.swift; sourceTree = "<group>"; };
		HistoryViewModel.swift /* AIInterviewApp/ViewModels/HistoryViewModel.swift */ = {isa = PBXFileReference; lastKnownFileType = sourcecode.swift; path = HistoryViewModel.swift; sourceTree = "<group>"; };
		VIPViewModel.swift /* AIInterviewApp/ViewModels/VIPViewModel.swift */ = {isa = PBXFileReference; lastKnownFileType = sourcecode.swift; path = VIPViewModel.swift; sourceTree = "<group>"; };
		IndexView.swift /* AIInterviewApp/Views/Index/IndexView.swift */ = {isa = PBXFileReference; lastKnownFileType = sourcecode.swift; path = IndexView.swift; sourceTree = "<group>"; };
		PrepareView.swift /* AIInterviewApp/Views/Prepare/PrepareView.swift */ = {isa = PBXFileReference; lastKnownFileType = sourcecode.swift; path = PrepareView.swift; sourceTree = "<group>"; };
		InterviewView.swift /* AIInterviewApp/Views/Interview/InterviewView.swift */ = {isa = PBXFileReference; lastKnownFileType = sourcecode.swift; path = InterviewView.swift; sourceTree = "<group>"; };
		RecordingButton.swift /* AIInterviewApp/Views/Interview/RecordingButton.swift */ = {isa = PBXFileReference; lastKnownFileType = sourcecode.swift; path = RecordingButton.swift; sourceTree = "<group>"; };
		ReportView.swift /* AIInterviewApp/Views/Report/ReportView.swift */ = {isa = PBXFileReference; lastKnownFileType = sourcecode.swift; path = ReportView.swift; sourceTree = "<group>"; };
		ScoreRadarChart.swift /* AIInterviewApp/Views/Report/ScoreRadarChart.swift */ = {isa = PBXFileReference; lastKnownFileType = sourcecode.swift; path = ScoreRadarChart.swift; sourceTree = "<group>"; };
		ProfileView.swift /* AIInterviewApp/Views/Profile/ProfileView.swift */ = {isa = PBXFileReference; lastKnownFileType = sourcecode.swift; path = ProfileView.swift; sourceTree = "<group>"; };
		HistoryView.swift /* AIInterviewApp/Views/History/HistoryView.swift */ = {isa = PBXFileReference; lastKnownFileType = sourcecode.swift; path = HistoryView.swift; sourceTree = "<group>"; };
		HistoryListItem.swift /* AIInterviewApp/Views/History/HistoryListItem.swift */ = {isa = PBXFileReference; lastKnownFileType = sourcecode.swift; path = HistoryListItem.swift; sourceTree = "<group>"; };
		VIPView.swift /* AIInterviewApp/Views/VIP/VIPView.swift */ = {isa = PBXFileReference; lastKnownFileType = sourcecode.swift; path = VIPView.swift; sourceTree = "<group>"; };
		LoadingView.swift /* AIInterviewApp/Views/Components/LoadingView.swift */ = {isa = PBXFileReference; lastKnownFileType = sourcecode.swift; path = LoadingView.swift; sourceTree = "<group>"; };
		Info.plist /* Info.plist */ = {isa = PBXFileReference; lastKnownFileType = text.plist.xml; path = Info.plist; sourceTree = "<group>"; };
/* End PBXFileReference section */

/* Begin PBXFrameworksBuildPhase section */
		Frameworks = {
			isa = PBXFrameworksBuildPhase;
			buildActionMask = 2147483647;
			files = (
			);
			runOnlyForDeploymentPostprocessing = 0;
		};
/* End PBXFrameworksBuildPhase section */

/* Begin PBXGroup section */
		Root = {
			isa = PBXGroup;
			children = (
				AIInterviewApp,
				Products,
			);
			sourceTree = "<group>";
		};
		Products = {
			isa = PBXGroup;
			children = (
				AIInterviewApp.app,
			);
			name = Products;
			sourceTree = "<group>";
		};
		AIInterviewApp = {
			isa = PBXGroup;
			children = (
				App,
				Utils,
				Models,
				Services,
				ViewModels,
				Views,
				Info.plist,
			);
			path = AIInterviewApp;
			sourceTree = "<group>";
		};
		App = {
			isa = PBXGroup;
			children = (
				AIInterviewApp.swift,
				ContentView.swift,
			);
			path = App;
			sourceTree = "<group>";
		};
		Utils = {
			isa = PBXGroup;
			children = (
				Constants.swift,
				Extensions.swift,
			);
			path = Utils;
			sourceTree = "<group>";
		};
		Models = {
			isa = PBXGroup;
			children = (
				Position.swift,
				User.swift,
				InterviewSession.swift,
				InterviewReport.swift,
				InterviewerStyle.swift,
			);
			path = Models;
			sourceTree = "<group>";
		};
		Services = {
			isa = PBXGroup;
			children = (
				APIService.swift,
				AudioService.swift,
				AuthService.swift,
				StorageService.swift,
			);
			path = Services;
			sourceTree = "<group>";
		};
		ViewModels = {
			isa = PBXGroup;
			children = (
				IndexViewModel.swift,
				PrepareViewModel.swift,
				InterviewViewModel.swift,
				ReportViewModel.swift,
				ProfileViewModel.swift,
				HistoryViewModel.swift,
				VIPViewModel.swift,
			);
			path = ViewModels;
			sourceTree = "<group>";
		};
		Views = {
			isa = PBXGroup;
			children = (
				Index,
				Prepare,
				Interview,
				Report,
				Profile,
				History,
				VIP,
				Components,
			);
			path = Views;
			sourceTree = "<group>";
		};
		Index = {
			isa = PBXGroup;
			children = (
				IndexView.swift,
			);
			path = Index;
			sourceTree = "<group>";
		};
		Prepare = {
			isa = PBXGroup;
			children = (
				PrepareView.swift,
			);
			path = Prepare;
			sourceTree = "<group>";
		};
		Interview = {
			isa = PBXGroup;
			children = (
				InterviewView.swift,
				RecordingButton.swift,
			);
			path = Interview;
			sourceTree = "<group>";
		};
		Report = {
			isa = PBXGroup;
			children = (
				ReportView.swift,
				ScoreRadarChart.swift,
			);
			path = Report;
			sourceTree = "<group>";
		};
		Profile = {
			isa = PBXGroup;
			children = (
				ProfileView.swift,
			);
			path = Profile;
			sourceTree = "<group>";
		};
		History = {
			isa = PBXGroup;
			children = (
				HistoryView.swift,
				HistoryListItem.swift,
			);
			path = History;
			sourceTree = "<group>";
		};
		VIP = {
			isa = PBXGroup;
			children = (
				VIPView.swift,
			);
			path = VIP;
			sourceTree = "<group>";
		};
		Components = {
			isa = PBXGroup;
			children = (
				LoadingView.swift,
			);
			path = Components;
			sourceTree = "<group>";
		};
/* End PBXGroup section */

/* Begin PBXNativeTarget section */
		AIInterviewApp = {
			isa = PBXNativeTarget;
			buildConfigurationList = BuildConfigurationList;
			buildPhases = (
				Sources,
				Frameworks,
				Resources,
			);
			buildRules = (
			);
			dependencies = (
			);
			name = AIInterviewApp;
			productName = AIInterviewApp;
			productReference = AIInterviewApp.app;
			productType = "com.apple.product-type.application";
		};
/* End PBXNativeTarget section */

/* Begin PBXProject section */
		Project = {
			isa = PBXProject;
			attributes = {
				BuildIndependentTargetsInParallel = 1;
				LastSwiftUpdateCheck = 1500;
				LastUpgradeCheck = 1500;
				TargetAttributes = {
					AIInterviewApp = {
						CreatedOnToolsVersion = 15.0;
					};
				};
			};
			buildConfigurationList = ProjectBuildConfigurationList;
			compatibilityVersion = "Xcode 14.0";
			developmentRegion = en;
			hasScannedForEncodings = 0;
			knownRegions = (
				en,
				Base,
			);
			mainGroup = Root;
			productRefGroup = Products;
			projectDirPath = "";
			projectRoot = "";
			targets = (
				AIInterviewApp,
			);
		};
/* End PBXProject section */

/* Begin PBXResourcesBuildPhase section */
		Resources = {
			isa = PBXResourcesBuildPhase;
			buildActionMask = 2147483647;
			files = (
			);
			runOnlyForDeploymentPostprocessing = 0;
		};
/* End PBXResourcesBuildPhase section */

/* Begin PBXSourcesBuildPhase section */
		Sources = {
			isa = PBXSourcesBuildPhase;
			buildActionMask = 2147483647;
			files = (
				AIInterviewAppApp,
				ContentView,
				Constants,
				Extensions,
				Position,
				User,
				InterviewSession,
				InterviewReport,
				InterviewerStyle,
				APIService,
				AudioService,
				AuthService,
				StorageService,
				IndexViewModel,
				PrepareViewModel,
				InterviewViewModel,
				ReportViewModel,
				ProfileViewModel,
				HistoryViewModel,
				VIPViewModel,
				IndexView,
				PrepareView,
				InterviewView,
				RecordingButton,
				ReportView,
				ScoreRadarChart,
				ProfileView,
				HistoryView,
				HistoryListItem,
				VIPView,
				LoadingView,
			);
			runOnlyForDeploymentPostprocessing = 0;
		};
/* End PBXSourcesBuildPhase section */

/* Begin XCBuildConfiguration section */
		DebugConfig = {
			isa = XCBuildConfiguration;
			buildSettings = {
				ALWAYS_SEARCH_USER_PATHS = NO;
				ASSETCATALOG_COMPILER_APPICON_NAME = AppIcon;
				ASSETCATALOG_COMPILER_GLOBAL_ACCENT_COLOR_NAME = AccentColor;
				CLANG_ANALYZER_NONNULL = YES;
				CLANG_ANALYZER_NUMBER_OBJECT_CONVERSION = YES_AGGRESSIVE;
				CLANG_CXX_LANGUAGE_STANDARD = "gnu++20";
				CLANG_ENABLE_MODULES = YES;
				CLANG_ENABLE_OBJC_ARC = YES;
				CLANG_ENABLE_OBJC_WEAK = YES;
				CLANG_WARN_BLOCK_CAPTURE_AUTORELEASING = YES;
				CLANG_WARN_BOOL_CONVERSION = YES;
				CLANG_WARN_COMMA = YES;
				CLANG_WARN_CONSTANT_CONVERSION = YES;
				CLANG_WARN_DEPRECATED_OBJC_IMPLEMENTATIONS = YES;
				CLANG_WARN_DIRECT_OBJC_ISA_USAGE = YES_ERROR;
				CLANG_WARN_DOCUMENTATION_COMMENTS = YES;
				CLANG_WARN_EMPTY_BODY = YES;
				CLANG_WARN_ENUM_CONVERSION = YES;
				CLANG_WARN_INFINITE_RECURSION = YES;
				CLANG_WARN_INT_CONVERSION = YES;
				CLANG_WARN_NON_LITERAL_NULL_CONVERSION = YES;
				CLANG_WARN_OBJC_IMPLICIT_RETAIN_SELF = YES;
				CLANG_WARN_OBJC_LITERAL_CONVERSION = YES;
				CLANG_WARN_OBJC_ROOT_CLASS = YES_ERROR;
				CLANG_WARN_QUOTED_INCLUDE_IN_FRAMEWORK_HEADER = YES;
				CLANG_WARN_RANGE_LOOP_ANALYSIS = YES;
				CLANG_WARN_STRICT_PROTOTYPES = YES;
				CLANG_WARN_SUSPICIOUS_MOVE = YES;
				CLANG_WARN_UNGUARDED_AVAILABILITY = YES_AGGRESSIVE;
				CLANG_WARN_UNREACHABLE_CODE = YES;
				CLANG_WARN__DUPLICATE_METHOD_MATCH = YES;
				CODE_SIGN_STYLE = Automatic;
				COPY_PHASE_STRIP = NO;
				CURRENT_PROJECT_VERSION = 1;
				DEBUG_INFORMATION_FORMAT = dwarf;
				DEVELOPMENT_TEAM = "";
				ENABLE_PREVIEWS = YES;
				ENABLE_STRICT_OBJC_MSGSEND = YES;
				ENABLE_TESTABILITY = YES;
				GCC_C_LANGUAGE_STANDARD = gnu11;
				GCC_DYNAMIC_NO_PIC = NO;
				GCC_NO_COMMON_BLOCKS = YES;
				GCC_OPTIMIZATION_LEVEL = 0;
				GCC_PREPROCESSOR_DEFINITIONS = (
					"DEBUG=1",
					"$(inherited)",
				);
				GCC_WARN_64_TO_32_BIT_CONVERSION = YES;
				GCC_WARN_ABOUT_RETURN_TYPE = YES_ERROR;
				GCC_WARN_UNDECLARED_SELECTOR = YES;
				GCC_WARN_UNINITIALIZED_AUTOS = YES_AGGRESSIVE;
				GCC_WARN_UNUSED_FUNCTION = YES;
				GCC_WARN_UNUSED_VARIABLE = YES;
				GENERATE_INFOPLIST_FILE = NO;
				INFOPLIST_FILE = Info.plist;
				INFOPLIST_KEY_UIApplicationSceneManifest_Generation = YES;
				INFOPLIST_KEY_UIApplicationSupportsIndirectInputEvents = YES;
				INFOPLIST_KEY_UILaunchScreen_Generation = YES;
				INFOPLIST_KEY_UISupportedInterfaceOrientations = "UIInterfaceOrientationPortrait UIInterfaceOrientationLandscapeLeft UIInterfaceOrientationLandscapeRight";
				INFOPLIST_KEY_UISupportedInterfaceOrientations_iPad = "UIInterfaceOrientationPortrait UIInterfaceOrientationPortraitUpsideDown UIInterfaceOrientationLandscapeLeft UIInterfaceOrientationLandscapeRight";
				IPHONEOS_DEPLOYMENT_TARGET = 15.0;
				LD_RUNPATH_SEARCH_PATHS = (
					"$(inherited)",
					"@executable_path/Frameworks",
				);
				MARKETING_VERSION = 1.0;
				MTL_ENABLE_DEBUG_INFO = INCLUDE_SOURCE;
				MTL_FAST_MATH = YES;
				ONLY_ACTIVE_ARCH = YES;
				PRODUCT_BUNDLE_IDENTIFIER = com.aiinterview.app;
				PRODUCT_NAME = "$(TARGET_NAME)";
				SDKROOT = iphoneos;
				SWIFT_ACTIVE_COMPILATION_CONDITIONS = DEBUG;
				SWIFT_EMIT_LOC_STRINGS = YES;
				SWIFT_OPTIMIZATION_LEVEL = "-Onone";
				SWIFT_VERSION = 5.0;
				TARGETED_DEVICE_FAMILY = "1,2";
			};
			name = Debug;
		};
		ReleaseConfig = {
			isa = XCBuildConfiguration;
			buildSettings = {
				ALWAYS_SEARCH_USER_PATHS = NO;
				ASSETCATALOG_COMPILER_APPICON_NAME = AppIcon;
				ASSETCATALOG_COMPILER_GLOBAL_ACCENT_COLOR_NAME = AccentColor;
				CLANG_ANALYZER_NONNULL = YES;
				CLANG_ANALYZER_NUMBER_OBJECT_CONVERSION = YES_AGGRESSIVE;
				CLANG_CXX_LANGUAGE_STANDARD = "gnu++20";
				CLANG_ENABLE_MODULES = YES;
				CLANG_ENABLE_OBJC_ARC = YES;
				CLANG_ENABLE_OBJC_WEAK = YES;
				CLANG_WARN_BLOCK_CAPTURE_AUTORELEASING = YES;
				CLANG_WARN_BOOL_CONVERSION = YES;
				CLANG_WARN_COMMA = YES;
				CLANG_WARN_CONSTANT_CONVERSION = YES;
				CLANG_WARN_DEPRECATED_OBJC_IMPLEMENTATIONS = YES;
				CLANG_WARN_DIRECT_OBJC_ISA_USAGE = YES_ERROR;
				CLANG_WARN_DOCUMENTATION_COMMENTS = YES;
				CLANG_WARN_EMPTY_BODY = YES;
				CLANG_WARN_ENUM_CONVERSION = YES;
				CLANG_WARN_INFINITE_RECURSION = YES;
				CLANG_WARN_INT_CONVERSION = YES;
				CLANG_WARN_NON_LITERAL_NULL_CONVERSION = YES;
				CLANG_WARN_OBJC_IMPLICIT_RETAIN_SELF = YES;
				CLANG_WARN_OBJC_LITERAL_CONVERSION = YES;
				CLANG_WARN_OBJC_ROOT_CLASS = YES_ERROR;
				CLANG_WARN_QUOTED_INCLUDE_IN_FRAMEWORK_HEADER = YES;
				CLANG_WARN_RANGE_LOOP_ANALYSIS = YES;
				CLANG_WARN_STRICT_PROTOTYPES = YES;
				CLANG_WARN_SUSPICIOUS_MOVE = YES;
				CLANG_WARN_UNGUARDED_AVAILABILITY = YES_AGGRESSIVE;
				CLANG_WARN_UNREACHABLE_CODE = YES;
				CLANG_WARN__DUPLICATE_METHOD_MATCH = YES;
				CODE_SIGN_STYLE = Automatic;
				COPY_PHASE_STRIP = NO;
				CURRENT_PROJECT_VERSION = 1;
				DEBUG_INFORMATION_FORMAT = "dwarf-with-dsym";
				DEVELOPMENT_TEAM = "";
				ENABLE_NS_ASSERTIONS = NO;
				ENABLE_PREVIEWS = YES;
				ENABLE_STRICT_OBJC_MSGSEND = YES;
				GCC_C_LANGUAGE_STANDARD = gnu11;
				GCC_NO_COMMON_BLOCKS = YES;
				GCC_WARN_64_TO_32_BIT_CONVERSION = YES;
				GCC_WARN_ABOUT_RETURN_TYPE = YES_ERROR;
				GCC_WARN_UNDECLARED_SELECTOR = YES;
				GCC_WARN_UNINITIALIZED_AUTOS = YES_AGGRESSIVE;
				GCC_WARN_UNUSED_FUNCTION = YES;
				GCC_WARN_UNUSED_VARIABLE = YES;
				GENERATE_INFOPLIST_FILE = NO;
				INFOPLIST_FILE = Info.plist;
				INFOPLIST_KEY_UIApplicationSceneManifest_Generation = YES;
				INFOPLIST_KEY_UIApplicationSupportsIndirectInputEvents = YES;
				INFOPLIST_KEY_UILaunchScreen_Generation = YES;
				INFOPLIST_KEY_UISupportedInterfaceOrientations = "UIInterfaceOrientationPortrait UIInterfaceOrientationLandscapeLeft UIInterfaceOrientationLandscapeRight";
				INFOPLIST_KEY_UISupportedInterfaceOrientations_iPad = "UIInterfaceOrientationPortrait UIInterfaceOrientationPortraitUpsideDown UIInterfaceOrientationLandscapeLeft UIInterfaceOrientationLandscapeRight";
				IPHONEOS_DEPLOYMENT_TARGET = 15.0;
				LD_RUNPATH_SEARCH_PATHS = (
					"$(inherited)",
					"@executable_path/Frameworks",
				);
				MARKETING_VERSION = 1.0;
				MTL_ENABLE_DEBUG_INFO = NO;
				MTL_FAST_MATH = YES;
				PRODUCT_BUNDLE_IDENTIFIER = com.aiinterview.app;
				PRODUCT_NAME = "$(TARGET_NAME)";
				SDKROOT = iphoneos;
				SWIFT_COMPILATION_MODE = wholemodule;
				SWIFT_EMIT_LOC_STRINGS = YES;
				SWIFT_OPTIMIZATION_LEVEL = "-O";
				SWIFT_VERSION = 5.0;
				TARGETED_DEVICE_FAMILY = "1,2";
				VALIDATE_PRODUCT = YES;
			};
			name = Release;
		};
/* End XCBuildConfiguration section */

/* Begin XCConfigurationList section */
		ProjectBuildConfigurationList = {
			isa = XCConfigurationList;
			buildConfigurations = (
				DebugConfig,
				ReleaseConfig,
			);
			defaultConfigurationIsVisible = 0;
			defaultConfigurationName = Release;
		};
		BuildConfigurationList = {
			isa = XCConfigurationList;
			buildConfigurations = (
				DebugConfig,
				ReleaseConfig,
			);
			defaultConfigurationIsVisible = 0;
			defaultConfigurationName = Release;
		};
/* End XCConfigurationList section */
	};
	rootObject = Project;
}
